
Microsoft Visual Studio Solution File, Format Version 12.00
# Visual Studio Version 17
VisualStudioVersion = 17.12.35707.178
MinimumVisualStudioVersion = 10.0.40219.1
Project("{FAE04EC0-301F-11D3-BF4B-00C04F79EFBC}") = "CodeMetaExtractor", "CodeMetaExtractor\CodeMetaExtractor.csproj", "{C702E4B2-898D-4352-AFE3-F7C3DB2E0A03}"
EndProject
Project("{FAE04EC0-301F-11D3-BF4B-00C04F79EFBC}") = "CodeMetaExtractor.Service", "CodeMetaExtractor.Service\CodeMetaExtractor.Service.csproj", "{60F001DB-FC7D-4C25-A29F-A673E4A649E5}"
EndProject
Project("{FAE04EC0-301F-11D3-BF4B-00C04F79EFBC}") = "CodeMetaExtractor.Domain", "CodeMetaExtractor.Domain\CodeMetaExtractor.Domain.csproj", "{B7611C46-91C8-4AF8-984D-069887A74AA0}"
EndProject
Global
	GlobalSection(SolutionConfigurationPlatforms) = preSolution
		Debug|Any CPU = Debug|Any CPU
		Release|Any CPU = Release|Any CPU
	EndGlobalSection
	GlobalSection(ProjectConfigurationPlatforms) = postSolution
		{C702E4B2-898D-4352-AFE3-F7C3DB2E0A03}.Debug|Any CPU.ActiveCfg = Debug|Any CPU
		{C702E4B2-898D-4352-AFE3-F7C3DB2E0A03}.Debug|Any CPU.Build.0 = Debug|Any CPU
		{C702E4B2-898D-4352-AFE3-F7C3DB2E0A03}.Release|Any CPU.ActiveCfg = Release|Any CPU
		{C702E4B2-898D-4352-AFE3-F7C3DB2E0A03}.Release|Any CPU.Build.0 = Release|Any CPU
		{60F001DB-FC7D-4C25-A29F-A673E4A649E5}.Debug|Any CPU.ActiveCfg = Debug|Any CPU
		{60F001DB-FC7D-4C25-A29F-A673E4A649E5}.Debug|Any CPU.Build.0 = Debug|Any CPU
		{60F001DB-FC7D-4C25-A29F-A673E4A649E5}.Release|Any CPU.ActiveCfg = Release|Any CPU
		{60F001DB-FC7D-4C25-A29F-A673E4A649E5}.Release|Any CPU.Build.0 = Release|Any CPU
		{B7611C46-91C8-4AF8-984D-069887A74AA0}.Debug|Any CPU.ActiveCfg = Debug|Any CPU
		{B7611C46-91C8-4AF8-984D-069887A74AA0}.Debug|Any CPU.Build.0 = Debug|Any CPU
		{B7611C46-91C8-4AF8-984D-069887A74AA0}.Release|Any CPU.ActiveCfg = Release|Any CPU
		{B7611C46-91C8-4AF8-984D-069887A74AA0}.Release|Any CPU.Build.0 = Release|Any CPU
	EndGlobalSection
	GlobalSection(SolutionProperties) = preSolution
		HideSolutionNode = FALSE
	EndGlobalSection
EndGlobal
